// !$*UTF8*$!
{
	archiveVersion = 1;
	classes = {
	};
	objectVersion = 56;
	objects = {

/* Begin PBXBuildFile section */
		7787D7DF29A55DAF00A5E224 /* AppDelegate.swift in Sources */ = {isa = PBXBuildFile; fileRef = 7787D7DE29A55DAF00A5E224 /* AppDelegate.swift */; };
		7787D7E129A55DAF00A5E224 /* SceneDelegate.swift in Sources */ = {isa = PBXBuildFile; fileRef = 7787D7E029A55DAF00A5E224 /* SceneDelegate.swift */; };
		7787D7E329A55DAF00A5E224 /* ViewController.swift in Sources */ = {isa = PBXBuildFile; fileRef = 7787D7E229A55DAF00A5E224 /* ViewController.swift */; };
		7787D7E629A55DAF00A5E224 /* Main.storyboard in Resources */ = {isa = PBXBuildFile; fileRef = 7787D7E429A55DAF00A5E224 /* Main.storyboard */; };
		7787D7E829A55DB100A5E224 /* Assets.xcassets in Resources */ = {isa = PBXBuildFile; fileRef = 7787D7E729A55DB100A5E224 /* Assets.xcassets */; };
		7787D7EB29A55DB100A5E224 /* LaunchScreen.storyboard in Resources */ = {isa = PBXBuildFile; fileRef = 7787D7E929A55DB100A5E224 /* LaunchScreen.storyboard */; };
		7787D7F329A55F7700A5E224 /* DetailsVC.swift in Sources */ = {isa = PBXBuildFile; fileRef = 7787D7F229A55F7700A5E224 /* DetailsVC.swift */; };
		7787D7F529A5651E00A5E224 /* Xmen.swift in Sources */ = {isa = PBXBuildFile; fileRef = 7787D7F429A5651E00A5E224 /* Xmen.swift */; };
/* End PBXBuildFile section */

/* Begin PBXFileReference section */
		7787D7DB29A55DAF00A5E224 /* XmenCharacters.app */ = {isa = PBXFileReference; explicitFileType = wrapper.application; includeInIndex = 0; path = XmenCharacters.app; sourceTree = BUILT_PRODUCTS_DIR; };
		7787D7DE29A55DAF00A5E224 /* AppDelegate.swift */ = {isa = PBXFileReference; lastKnownFileType = sourcecode.swift; path = AppDelegate.swift; sourceTree = "<group>"; };
		7787D7E029A55DAF00A5E224 /* SceneDelegate.swift */ = {isa = PBXFileReference; lastKnownFileType = sourcecode.swift; path = SceneDelegate.swift; sourceTree = "<group>"; };
		7787D7E229A55DAF00A5E224 /* ViewController.swift */ = {isa = PBXFileReference; lastKnownFileType = sourcecode.swift; path = ViewController.swift; sourceTree = "<group>"; };
		7787D7E529A55DAF00A5E224 /* Base */ = {isa = PBXFileReference; lastKnownFileType = file.storyboard; name = Base; path = Base.lproj/Main.storyboard; sourceTree = "<group>"; };
		7787D7E729A55DB100A5E224 /* Assets.xcassets */ = {isa = PBXFileReference; lastKnownFileType = folder.assetcatalog; path = Assets.xcassets; sourceTree = "<group>"; };
		7787D7EA29A55DB100A5E224 /* Base */ = {isa = PBXFileReference; lastKnownFileType = file.storyboard; name = Base; path = Base.lproj/LaunchScreen.storyboard; sourceTree = "<group>"; };
		7787D7EC29A55DB100A5E224 /* Info.plist */ = {isa = PBXFileReference; lastKnownFileType = text.plist.xml; path = Info.plist; sourceTree = "<group>"; };
		7787D7F229A55F7700A5E224 /* DetailsVC.swift */ = {isa = PBXFileReference; lastKnownFileType = sourcecode.swift; path = DetailsVC.swift; sourceTree = "<group>"; };
		7787D7F429A5651E00A5E224 /* Xmen.swift */ = {isa = PBXFileReference; lastKnownFileType = sourcecode.swift; path = Xmen.swift; sourceTree = "<group>"; };
/* End PBXFileReference section */

/* Begin PBXFrameworksBuildPhase section */
		7787D7D829A55DAF00A5E224 /* Frameworks */ = {
			isa = PBXFrameworksBuildPhase;
			buildActionMask = 2147483647;
			files = (
			);
			runOnlyForDeploymentPostprocessing = 0;
		};
/* End PBXFrameworksBuildPhase section */

/* Begin PBXGroup section */
		7787D7D229A55DAF00A5E224 = {
			isa = PBXGroup;
			children = (
				7787D7DD29A55DAF00A5E224 /* XmenCharacters */,
				7787D7DC29A55DAF00A5E224 /* Products */,
			);
			sourceTree = "<group>";
		};
		7787D7DC29A55DAF00A5E224 /* Products */ = {
			isa = PBXGroup;
			children = (
				7787D7DB29A55DAF00A5E224 /* XmenCharacters.app */,
			);
			name = Products;
			sourceTree = "<group>";
		};
		7787D7DD29A55DAF00A5E224 /* XmenCharacters */ = {
			isa = PBXGroup;
			children = (
				7787D7DE29A55DAF00A5E224 /* AppDelegate.swift */,
				7787D7E029A55DAF00A5E224 /* SceneDelegate.swift */,
				7787D7E229A55DAF00A5E224 /* ViewController.swift */,
				7787D7F229A55F7700A5E224 /* DetailsVC.swift */,
				7787D7E429A55DAF00A5E224 /* Main.storyboard */,
				7787D7E729A55DB100A5E224 /* Assets.xcassets */,
				7787D7E929A55DB100A5E224 /* LaunchScreen.storyboard */,
				7787D7EC29A55DB100A5E224 /* Info.plist */,
				7787D7F429A5651E00A5E224 /* Xmen.swift */,
			);
			path = XmenCharacters;
			sourceTree = "<group>";
		};
/* End PBXGroup section */

/* Begin PBXNativeTarget section */
		7787D7DA29A55DAF00A5E224 /* XmenCharacters */ = {
			isa = PBXNativeTarget;
			buildConfigurationList = 7787D7EF29A55DB100A5E224 /* Build configuration list for PBXNativeTarget "XmenCharacters" */;
			buildPhases = (
				7787D7D729A55DAF00A5E224 /* Sources */,
				7787D7D829A55DAF00A5E224 /* Frameworks */,
				7787D7D929A55DAF00A5E224 /* Resources */,
			);
			buildRules = (
			);
			dependencies = (
			);
			name = XmenCharacters;
			productName = XmenCharacters;
			productReference = 7787D7DB29A55DAF00A5E224 /* XmenCharacters.app */;
			productType = "com.apple.product-type.application";
		};
/* End PBXNativeTarget section */

/* Begin PBXProject section */
		7787D7D329A55DAF00A5E224 /* Project object */ = {
			isa = PBXProject;
			attributes = {
				BuildIndependentTargetsInParallel = 1;
				LastSwiftUpdateCheck = 1420;
				LastUpgradeCheck = 1420;
				TargetAttributes = {
					7787D7DA29A55DAF00A5E224 = {
						CreatedOnToolsVersion = 14.2;
					};
				};
			};
			buildConfigurationList = 7787D7D629A55DAF00A5E224 /* Build configuration list for PBXProject "XmenCharacters" */;
			compatibilityVersion = "Xcode 14.0";
			developmentRegion = en;
			hasScannedForEncodings = 0;
			knownRegions = (
				en,
				Base,
			);
			mainGroup = 7787D7D229A55DAF00A5E224;
			productRefGroup = 7787D7DC29A55DAF00A5E224 /* Products */;
			projectDirPath = "";
			projectRoot = "";
			targets = (
				7787D7DA29A55DAF00A5E224 /* XmenCharacters */,
			);
		};
/* End PBXProject section */

/* Begin PBXResourcesBuildPhase section */
		7787D7D929A55DAF00A5E224 /* Resources */ = {
			isa = PBXResourcesBuildPhase;
			buildActionMask = 2147483647;
			files = (
				7787D7EB29A55DB100A5E224 /* LaunchScreen.storyboard in Resources */,
				7787D7E829A55DB100A5E224 /* Assets.xcassets in Resources */,
				7787D7E629A55DAF00A5E224 /* Main.storyboard in Resources */,
			);
			runOnlyForDeploymentPostprocessing = 0;
		};
/* End PBXResourcesBuildPhase section */

/* Begin PBXSourcesBuildPhase section */
		7787D7D729A55DAF00A5E224 /* Sources */ = {
			isa = PBXSourcesBuildPhase;
			buildActionMask = 2147483647;
			files = (
				7787D7E329A55DAF00A5E224 /* ViewController.swift in Sources */,
				7787D7F529A5651E00A5E224 /* Xmen.swift in Sources */,
				7787D7F329A55F7700A5E224 /* DetailsVC.swift in Sources */,
				7787D7DF29A55DAF00A5E224 /* AppDelegate.swift in Sources */,
				7787D7E129A55DAF00A5E224 /* SceneDelegate.swift in Sources */,
			);
			runOnlyForDeploymentPostprocessing = 0;
		};
/* End PBXSourcesBuildPhase section */

/* Begin PBXVariantGroup section */
		7787D7E429A55DAF00A5E224 /* Main.storyboard */ = {
			isa = PBXVariantGroup;
			children = (
				7787D7E529A55DAF00A5E224 /* Base */,
			);
			name = Main.storyboard;
			sourceTree = "<group>";
		};
		7787D7E929A55DB100A5E224 /* LaunchScreen.storyboard */ = {
			isa = PBXVariantGroup;
			children = (
				7787D7EA29A55DB100A5E224 /* Base */,
			);
			name = LaunchScreen.storyboard;
			sourceTree = "<group>";
		};
/* End PBXVariantGroup section */

/* Begin XCBuildConfiguration section */
		7787D7ED29A55DB100A5E224 /* Debug */ = {
			isa = XCBuildConfiguration;
			buildSettings = {
				ALWAYS_SEARCH_USER_PATHS = NO;
				CLANG_ANALYZER_NONNULL = YES;
				CLANG_ANALYZER_NUMBER_OBJECT_CONVERSION = YES_AGGRESSIVE;
				CLANG_CXX_LANGUAGE_STANDARD = "gnu++20";
				CLANG_ENABLE_MODULES = YES;
				CLANG_ENABLE_OBJC_ARC = YES;
				CLANG_ENABLE_OBJC_WEAK = YES;
				CLANG_WARN_BLOCK_CAPTURE_AUTORELEASING = YES;
				CLANG_WARN_BOOL_CONVERSION = YES;
				CLANG_WARN_COMMA = YES;
				CLANG_WARN_CONSTANT_CONVERSION = YES;
				CLANG_WARN_DEPRECATED_OBJC_IMPLEMENTATIONS = YES;
				CLANG_WARN_DIRECT_OBJC_ISA_USAGE = YES_ERROR;
				CLANG_WARN_DOCUMENTATION_COMMENTS = YES;
				CLANG_WARN_EMPTY_BODY = YES;
				CLANG_WARN_ENUM_CONVERSION = YES;
				CLANG_WARN_INFINITE_RECURSION = YES;
				CLANG_WARN_INT_CONVERSION = YES;
				CLANG_WARN_NON_LITERAL_NULL_CONVERSION = YES;
				CLANG_WARN_OBJC_IMPLICIT_RETAIN_SELF = YES;
				CLANG_WARN_OBJC_LITERAL_CONVERSION = YES;
				CLANG_WARN_OBJC_ROOT_CLASS = YES_ERROR;
				CLANG_WARN_QUOTED_INCLUDE_IN_FRAMEWORK_HEADER = YES;
				CLANG_WARN_RANGE_LOOP_ANALYSIS = YES;
				CLANG_WARN_STRICT_PROTOTYPES = YES;
				CLANG_WARN_SUSPICIOUS_MOVE = YES;
				CLANG_WARN_UNGUARDED_AVAILABILITY = YES_AGGRESSIVE;
				CLANG_WARN_UNREACHABLE_CODE = YES;
				CLANG_WARN__DUPLICATE_METHOD_MATCH = YES;
				COPY_PHASE_STRIP = NO;
				DEBUG_INFORMATION_FORMAT = dwarf;
				ENABLE_STRICT_OBJC_MSGSEND = YES;
				ENABLE_TESTABILITY = YES;
				GCC_C_LANGUAGE_STANDARD = gnu11;
				GCC_DYNAMIC_NO_PIC = NO;
				GCC_NO_COMMON_BLOCKS = YES;
				GCC_OPTIMIZATION_LEVEL = 0;
				GCC_PREPROCESSOR_DEFINITIONS = (
					"DEBUG=1",
					"$(inherited)",
				);
				GCC_WARN_64_TO_32_BIT_CONVERSION = YES;
				GCC_WARN_ABOUT_RETURN_TYPE = YES_ERROR;
				GCC_WARN_UNDECLARED_SELECTOR = YES;
				GCC_WARN_UNINITIALIZED_AUTOS = YES_AGGRESSIVE;
				GCC_WARN_UNUSED_FUNCTION = YES;
				GCC_WARN_UNUSED_VARIABLE = YES;
				IPHONEOS_DEPLOYMENT_TARGET = 16.2;
				MTL_ENABLE_DEBUG_INFO = INCLUDE_SOURCE;
				MTL_FAST_MATH = YES;
				ONLY_ACTIVE_ARCH = YES;
				SDKROOT = iphoneos;
				SWIFT_ACTIVE_COMPILATION_CONDITIONS = DEBUG;
				SWIFT_OPTIMIZATION_LEVEL = "-Onone";
			};
			name = Debug;
		};
		7787D7EE29A55DB100A5E224 /* Release */ = {
			isa = XCBuildConfiguration;
			buildSettings = {
				ALWAYS_SEARCH_USER_PATHS = NO;
				CLANG_ANALYZER_NONNULL = YES;
				CLANG_ANALYZER_NUMBER_OBJECT_CONVERSION = YES_AGGRESSIVE;
				CLANG_CXX_LANGUAGE_STANDARD = "gnu++20";
				CLANG_ENABLE_MODULES = YES;
				CLANG_ENABLE_OBJC_ARC = YES;
				CLANG_ENABLE_OBJC_WEAK = YES;
				CLANG_WARN_BLOCK_CAPTURE_AUTORELEASING = YES;
				CLANG_WARN_BOOL_CONVERSION = YES;
				CLANG_WARN_COMMA = YES;
				CLANG_WARN_CONSTANT_CONVERSION = YES;
				CLANG_WARN_DEPRECATED_OBJC_IMPLEMENTATIONS = YES;
				CLANG_WARN_DIRECT_OBJC_ISA_USAGE = YES_ERROR;
				CLANG_WARN_DOCUMENTATION_COMMENTS = YES;
				CLANG_WARN_EMPTY_BODY = YES;
				CLANG_WARN_ENUM_CONVERSION = YES;
				CLANG_WARN_INFINITE_RECURSION = YES;
				CLANG_WARN_INT_CONVERSION = YES;
				CLANG_WARN_NON_LITERAL_NULL_CONVERSION = YES;
				CLANG_WARN_OBJC_IMPLICIT_RETAIN_SELF = YES;
				CLANG_WARN_OBJC_LITERAL_CONVERSION = YES;
				CLANG_WARN_OBJC_ROOT_CLASS = YES_ERROR;
				CLANG_WARN_QUOTED_INCLUDE_IN_FRAMEWORK_HEADER = YES;
				CLANG_WARN_RANGE_LOOP_ANALYSIS = YES;
				CLANG_WARN_STRICT_PROTOTYPES = YES;
				CLANG_WARN_SUSPICIOUS_MOVE = YES;
				CLANG_WARN_UNGUARDED_AVAILABILITY = YES_AGGRESSIVE;
				CLANG_WARN_UNREACHABLE_CODE = YES;
				CLANG_WARN__DUPLICATE_METHOD_MATCH = YES;
				COPY_PHASE_STRIP = NO;
				DEBUG_INFORMATION_FORMAT = "dwarf-with-dsym";
				ENABLE_NS_ASSERTIONS = NO;
				ENABLE_STRICT_OBJC_MSGSEND = YES;
				GCC_C_LANGUAGE_STANDARD = gnu11;
				GCC_NO_COMMON_BLOCKS = YES;
				GCC_WARN_64_TO_32_BIT_CONVERSION = YES;
				GCC_WARN_ABOUT_RETURN_TYPE = YES_ERROR;
				GCC_WARN_UNDECLARED_SELECTOR = YES;
				GCC_WARN_UNINITIALIZED_AUTOS = YES_AGGRESSIVE;
				GCC_WARN_UNUSED_FUNCTION = YES;
				GCC_WARN_UNUSED_VARIABLE = YES;
				IPHONEOS_DEPLOYMENT_TARGET = 16.2;
				MTL_ENABLE_DEBUG_INFO = NO;
				MTL_FAST_MATH = YES;
				SDKROOT = iphoneos;
				SWIFT_COMPILATION_MODE = wholemodule;
				SWIFT_OPTIMIZATION_LEVEL = "-O";
				VALIDATE_PRODUCT = YES;
			};
			name = Release;
		};
		7787D7F029A55DB100A5E224 /* Debug */ = {
			isa = XCBuildConfiguration;
			buildSettings = {
				ASSETCATALOG_COMPILER_APPICON_NAME = AppIcon;
				ASSETCATALOG_COMPILER_GLOBAL_ACCENT_COLOR_NAME = AccentColor;
				CODE_SIGN_STYLE = Automatic;
				CURRENT_PROJECT_VERSION = 1;
				GENERATE_INFOPLIST_FILE = YES;
				INFOPLIST_FILE = XmenCharacters/Info.plist;
				INFOPLIST_KEY_UIApplicationSupportsIndirectInputEvents = YES;
				INFOPLIST_KEY_UILaunchStoryboardName = LaunchScreen;
				INFOPLIST_KEY_UIMainStoryboardFile = Main;
				INFOPLIST_KEY_UISupportedInterfaceOrientations_iPad = "UIInterfaceOrientationPortrait UIInterfaceOrientationPortraitUpsideDown UIInterfaceOrientationLandscapeLeft UIInterfaceOrientationLandscapeRight";
				INFOPLIST_KEY_UISupportedInterfaceOrientations_iPhone = "UIInterfaceOrientationPortrait UIInterfaceOrientationLandscapeLeft UIInterfaceOrientationLandscapeRight";
				LD_RUNPATH_SEARCH_PATHS = (
					"$(inherited)",
					"@executable_path/Frameworks",
				);
				MARKETING_VERSION = 1.0;
				PRODUCT_BUNDLE_IDENTIFIER = com.onur.XmenCharacters;
				PRODUCT_NAME = "$(TARGET_NAME)";
				SWIFT_EMIT_LOC_STRINGS = YES;
				SWIFT_VERSION = 5.0;
				TARGETED_DEVICE_FAMILY = "1,2";
			};
			name = Debug;
		};
		7787D7F129A55DB100A5E224 /* Release */ = {
			isa = XCBuildConfiguration;
			buildSettings = {
				ASSETCATALOG_COMPILER_APPICON_NAME = AppIcon;
				ASSETCATALOG_COMPILER_GLOBAL_ACCENT_COLOR_NAME = AccentColor;
				CODE_SIGN_STYLE = Automatic;
				CURRENT_PROJECT_VERSION = 1;
				GENERATE_INFOPLIST_FILE = YES;
				INFOPLIST_FILE = XmenCharacters/Info.plist;
				INFOPLIST_KEY_UIApplicationSupportsIndirectInputEvents = YES;
				INFOPLIST_KEY_UILaunchStoryboardName = LaunchScreen;
				INFOPLIST_KEY_UIMainStoryboardFile = Main;
				INFOPLIST_KEY_UISupportedInterfaceOrientations_iPad = "UIInterfaceOrientationPortrait UIInterfaceOrientationPortraitUpsideDown UIInterfaceOrientationLandscapeLeft UIInterfaceOrientationLandscapeRight";
				INFOPLIST_KEY_UISupportedInterfaceOrientations_iPhone = "UIInterfaceOrientationPortrait UIInterfaceOrientationLandscapeLeft UIInterfaceOrientationLandscapeRight";
				LD_RUNPATH_SEARCH_PATHS = (
					"$(inherited)",
					"@executable_path/Frameworks",
				);
				MARKETING_VERSION = 1.0;
				PRODUCT_BUNDLE_IDENTIFIER = com.onur.XmenCharacters;
				PRODUCT_NAME = "$(TARGET_NAME)";
				SWIFT_EMIT_LOC_STRINGS = YES;
				SWIFT_VERSION = 5.0;
				TARGETED_DEVICE_FAMILY = "1,2";
			};
			name = Release;
		};
/* End XCBuildConfiguration section */

/* Begin XCConfigurationList section */
		7787D7D629A55DAF00A5E224 /* Build configuration list for PBXProject "XmenCharacters" */ = {
			isa = XCConfigurationList;
			buildConfigurations = (
				7787D7ED29A55DB100A5E224 /* Debug */,
				7787D7EE29A55DB100A5E224 /* Release */,
			);
			defaultConfigurationIsVisible = 0;
			defaultConfigurationName = Release;
		};
		7787D7EF29A55DB100A5E224 /* Build configuration list for PBXNativeTarget "XmenCharacters" */ = {
			isa = XCConfigurationList;
			buildConfigurations = (
				7787D7F029A55DB100A5E224 /* Debug */,
				7787D7F129A55DB100A5E224 /* Release */,
			);
			defaultConfigurationIsVisible = 0;
			defaultConfigurationName = Release;
		};
/* End XCConfigurationList section */
	};
	rootObject = 7787D7D329A55DAF00A5E224 /* Project object */;
}
